
Microsoft Visual Studio Solution File, Format Version 12.00
# Visual Studio Version 17
VisualStudioVersion = 17.12.35707.178 d17.12
MinimumVisualStudioVersion = 10.0.40219.1
Project("{FAE04EC0-301F-11D3-BF4B-00C04F79EFBC}") = "L20250217_2", "L20250217_2.csproj", "{5DB465C1-4B7C-4CBF-8660-A4C4F8015A01}"
EndProject
Global
	GlobalSection(SolutionConfigurationPlatforms) = preSolution
		Debug|Any CPU = Debug|Any CPU
		Release|Any CPU = Release|Any CPU
	EndGlobalSection
	GlobalSection(ProjectConfigurationPlatforms) = postSolution
		{5DB465C1-4B7C-4CBF-8660-A4C4F8015A01}.Debug|Any CPU.ActiveCfg = Debug|Any CPU
		{5DB465C1-4B7C-4CBF-8660-A4C4F8015A01}.Debug|Any CPU.Build.0 = Debug|Any CPU
		{5DB465C1-4B7C-4CBF-8660-A4C4F8015A01}.Release|Any CPU.ActiveCfg = Release|Any CPU
		{5DB465C1-4B7C-4CBF-8660-A4C4F8015A01}.Release|Any CPU.Build.0 = Release|Any CPU
	EndGlobalSection
	GlobalSection(SolutionProperties) = preSolution
		HideSolutionNode = FALSE
	EndGlobalSection
EndGlobal
